
Microsoft Visual Studio Solution File, Format Version 12.00
# Visual Studio 14
VisualStudioVersion = 14.0.23107.0
MinimumVisualStudioVersion = 10.0.40219.1
Project("{FAE04EC0-301F-11D3-BF4B-00C04F79EFBC}") = "StronaWWW1", "StronaWWW1\StronaWWW1.csproj", "{F6443C9C-B960-41E7-8B2C-F347C9F91741}"
EndProject
Project("{2150E333-8FDC-42A3-9474-1A3956D46DE8}") = "PublishScripts", "PublishScripts", "{6A2DDE71-B3EF-45FD-B3CB-2A4C74DC9DBA}"
	ProjectSection(SolutionItems) = preProject
		PublishScripts\AzureVMPublishModule.psm1 = PublishScripts\AzureVMPublishModule.psm1
		PublishScripts\Publish-WebApplicationVM.ps1 = PublishScripts\Publish-WebApplicationVM.ps1
	EndProjectSection
EndProject
Project("{2150E333-8FDC-42A3-9474-1A3956D46DE8}") = "Configurations", "Configurations", "{2D5E269B-0E2A-47AD-946D-8DC244D2D14B}"
	ProjectSection(SolutionItems) = preProject
		PublishScripts\Configurations\StronaWWW1-WAWS-dev.json = PublishScripts\Configurations\StronaWWW1-WAWS-dev.json
	EndProjectSection
EndProject
Global
	GlobalSection(SolutionConfigurationPlatforms) = preSolution
		Debug|Any CPU = Debug|Any CPU
		Release|Any CPU = Release|Any CPU
	EndGlobalSection
	GlobalSection(ProjectConfigurationPlatforms) = postSolution
		{F6443C9C-B960-41E7-8B2C-F347C9F91741}.Debug|Any CPU.ActiveCfg = Debug|Any CPU
		{F6443C9C-B960-41E7-8B2C-F347C9F91741}.Debug|Any CPU.Build.0 = Debug|Any CPU
		{F6443C9C-B960-41E7-8B2C-F347C9F91741}.Release|Any CPU.ActiveCfg = Release|Any CPU
		{F6443C9C-B960-41E7-8B2C-F347C9F91741}.Release|Any CPU.Build.0 = Release|Any CPU
	EndGlobalSection
	GlobalSection(SolutionProperties) = preSolution
		HideSolutionNode = FALSE
	EndGlobalSection
	GlobalSection(NestedProjects) = preSolution
		{2D5E269B-0E2A-47AD-946D-8DC244D2D14B} = {6A2DDE71-B3EF-45FD-B3CB-2A4C74DC9DBA}
	EndGlobalSection
EndGlobal
